
Microsoft Visual Studio Solution File, Format Version 12.00
# Visual Studio Version 16
VisualStudioVersion = 16.0.29613.14
MinimumVisualStudioVersion = 10.0.40219.1
Project("{9A19103F-16F7-4668-BE54-9A1E7A4F7556}") = "LibraryApp", "LibraryApp\LibraryApp.csproj", "{AAECE103-C913-45DD-9BEC-556921FB262F}"
EndProject
Project("{9A19103F-16F7-4668-BE54-9A1E7A4F7556}") = "LibraryData", "LibraryData\LibraryData.csproj", "{768C6BE8-2CBD-41CE-AEC5-6CC62E90DDB0}"
EndProject
Project("{FAE04EC0-301F-11D3-BF4B-00C04F79EFBC}") = "LibraryServices", "LibraryServices\LibraryServices.csproj", "{1F2142F2-F537-4B37-83C1-CFC68B4759A4}"
EndProject
Global
	GlobalSection(SolutionConfigurationPlatforms) = preSolution
		Debug|Any CPU = Debug|Any CPU
		Release|Any CPU = Release|Any CPU
	EndGlobalSection
	GlobalSection(ProjectConfigurationPlatforms) = postSolution
		{AAECE103-C913-45DD-9BEC-556921FB262F}.Debug|Any CPU.ActiveCfg = Debug|Any CPU
		{AAECE103-C913-45DD-9BEC-556921FB262F}.Debug|Any CPU.Build.0 = Debug|Any CPU
		{AAECE103-C913-45DD-9BEC-556921FB262F}.Release|Any CPU.ActiveCfg = Release|Any CPU
		{AAECE103-C913-45DD-9BEC-556921FB262F}.Release|Any CPU.Build.0 = Release|Any CPU
		{768C6BE8-2CBD-41CE-AEC5-6CC62E90DDB0}.Debug|Any CPU.ActiveCfg = Debug|Any CPU
		{768C6BE8-2CBD-41CE-AEC5-6CC62E90DDB0}.Debug|Any CPU.Build.0 = Debug|Any CPU
		{768C6BE8-2CBD-41CE-AEC5-6CC62E90DDB0}.Release|Any CPU.ActiveCfg = Release|Any CPU
		{768C6BE8-2CBD-41CE-AEC5-6CC62E90DDB0}.Release|Any CPU.Build.0 = Release|Any CPU
		{1F2142F2-F537-4B37-83C1-CFC68B4759A4}.Debug|Any CPU.ActiveCfg = Debug|Any CPU
		{1F2142F2-F537-4B37-83C1-CFC68B4759A4}.Debug|Any CPU.Build.0 = Debug|Any CPU
		{1F2142F2-F537-4B37-83C1-CFC68B4759A4}.Release|Any CPU.ActiveCfg = Release|Any CPU
		{1F2142F2-F537-4B37-83C1-CFC68B4759A4}.Release|Any CPU.Build.0 = Release|Any CPU
	EndGlobalSection
	GlobalSection(SolutionProperties) = preSolution
		HideSolutionNode = FALSE
	EndGlobalSection
	GlobalSection(ExtensibilityGlobals) = postSolution
		SolutionGuid = {EB9B8388-52E6-40E5-B8C2-F352CC306E3E}
	EndGlobalSection
EndGlobal
